
Microsoft Visual Studio Solution File, Format Version 12.00
# Visual Studio 15
VisualStudioVersion = 15.0.28307.421
MinimumVisualStudioVersion = 10.0.40219.1
Project("{FAE04EC0-301F-11D3-BF4B-00C04F79EFBC}") = "BinarySearchTree", "BinarySearchTree\BinarySearchTree.csproj", "{4ABBAACB-6404-46F7-81F1-03F9089CCC23}"
EndProject
Global
	GlobalSection(SolutionConfigurationPlatforms) = preSolution
		Debug|Any CPU = Debug|Any CPU
		Release|Any CPU = Release|Any CPU
	EndGlobalSection
	GlobalSection(ProjectConfigurationPlatforms) = postSolution
		{4ABBAACB-6404-46F7-81F1-03F9089CCC23}.Debug|Any CPU.ActiveCfg = Debug|Any CPU
		{4ABBAACB-6404-46F7-81F1-03F9089CCC23}.Debug|Any CPU.Build.0 = Debug|Any CPU
		{4ABBAACB-6404-46F7-81F1-03F9089CCC23}.Release|Any CPU.ActiveCfg = Release|Any CPU
		{4ABBAACB-6404-46F7-81F1-03F9089CCC23}.Release|Any CPU.Build.0 = Release|Any CPU
	EndGlobalSection
	GlobalSection(SolutionProperties) = preSolution
		HideSolutionNode = FALSE
	EndGlobalSection
	GlobalSection(ExtensibilityGlobals) = postSolution
		SolutionGuid = {86AC047F-AB88-406F-B20B-790476C83816}
	EndGlobalSection
EndGlobal
